
Microsoft Visual Studio Solution File, Format Version 12.00
# Visual Studio Version 16
VisualStudioVersion = 16.0.30611.23
MinimumVisualStudioVersion = 10.0.40219.1
Project("{9A19103F-16F7-4668-BE54-9A1E7A4F7556}") = "CurrencyConversion", "CurrencyConversion.csproj", "{B4860632-546A-47DB-8C8A-B4F602958184}"
EndProject
Project("{9A19103F-16F7-4668-BE54-9A1E7A4F7556}") = "CurrencyConversionTests1", "..\CurrencyConversionTests1\CurrencyConversionTests1.csproj", "{FC5DBF8C-90ED-4001-8615-D97972BB2A98}"
EndProject
Project("{2150E333-8FDC-42A3-9474-1A3956D46DE8}") = "Solution Items", "Solution Items", "{2ABDA9F1-5BEB-4A45-B5F4-BE94BE44E6B8}"
	ProjectSection(SolutionItems) = preProject
		RequestedCurrencies.txt = RequestedCurrencies.txt
	EndProjectSection
EndProject
Global
	GlobalSection(SolutionConfigurationPlatforms) = preSolution
		Debug|Any CPU = Debug|Any CPU
		Release|Any CPU = Release|Any CPU
	EndGlobalSection
	GlobalSection(ProjectConfigurationPlatforms) = postSolution
		{B4860632-546A-47DB-8C8A-B4F602958184}.Debug|Any CPU.ActiveCfg = Debug|Any CPU
		{B4860632-546A-47DB-8C8A-B4F602958184}.Debug|Any CPU.Build.0 = Debug|Any CPU
		{B4860632-546A-47DB-8C8A-B4F602958184}.Release|Any CPU.ActiveCfg = Release|Any CPU
		{B4860632-546A-47DB-8C8A-B4F602958184}.Release|Any CPU.Build.0 = Release|Any CPU
		{FC5DBF8C-90ED-4001-8615-D97972BB2A98}.Debug|Any CPU.ActiveCfg = Debug|Any CPU
		{FC5DBF8C-90ED-4001-8615-D97972BB2A98}.Debug|Any CPU.Build.0 = Debug|Any CPU
		{FC5DBF8C-90ED-4001-8615-D97972BB2A98}.Release|Any CPU.ActiveCfg = Release|Any CPU
		{FC5DBF8C-90ED-4001-8615-D97972BB2A98}.Release|Any CPU.Build.0 = Release|Any CPU
	EndGlobalSection
	GlobalSection(SolutionProperties) = preSolution
		HideSolutionNode = FALSE
	EndGlobalSection
	GlobalSection(ExtensibilityGlobals) = postSolution
		SolutionGuid = {09B902FE-4333-47B6-B2C3-3150F97D5EA3}
	EndGlobalSection
EndGlobal
